
Microsoft Visual Studio Solution File, Format Version 12.00
# Visual Studio Version 17
VisualStudioVersion = 17.13.35825.156
MinimumVisualStudioVersion = 10.0.40219.1
Project("{FAE04EC0-301F-11D3-BF4B-00C04F79EFBC}") = "Low Code App Editor", "Low Code App Editor\Low Code App Editor.csproj", "{C6E699E7-78EC-4657-B393-D4A51AD6D035}"
EndProject
Project("{2150E333-8FDC-42A3-9474-1A3956D46DE8}") = "Internal", "Internal", "{02EA681E-C7D8-13C7-8484-4AC65E1B71E8}"
EndProject
Project("{2150E333-8FDC-42A3-9474-1A3956D46DE8}") = "Code Analysis", "Code Analysis", "{87EA5567-F28A-4CDE-B474-C6E727193869}"
	ProjectSection(SolutionItems) = preProject
		Internal\Code Analysis\qaction-debug.ruleset = Internal\Code Analysis\qaction-debug.ruleset
		Internal\Code Analysis\qaction-release.ruleset = Internal\Code Analysis\qaction-release.ruleset
		Internal\Code Analysis\stylecop.json = Internal\Code Analysis\stylecop.json
	EndProjectSection
EndProject
Project("{FAE04EC0-301F-11D3-BF4B-00C04F79EFBC}") = "Low Code App EditorTests", "Low Code App EditorTests\Low Code App EditorTests.csproj", "{13470DD0-A775-435D-9B6E-71245FD52892}"
EndProject
Project("{FAE04EC0-301F-11D3-BF4B-00C04F79EFBC}") = "Low Code App Editor Installer", "Low Code App Editor Installer\Low Code App Editor Installer.csproj", "{B6CA15E9-B75D-4DC9-8CB3-2A2DE9DC70B1}"
EndProject
Project("{FAE04EC0-301F-11D3-BF4B-00C04F79EFBC}") = "Low Code App Editor Package", "Low Code App Editor Package\Low Code App Editor Package.csproj", "{2A91452F-9A5D-46DA-91CA-6B6D8E9B93C2}"
EndProject
Global
	GlobalSection(SolutionConfigurationPlatforms) = preSolution
		Debug|Any CPU = Debug|Any CPU
		Release|Any CPU = Release|Any CPU
	EndGlobalSection
	GlobalSection(ProjectConfigurationPlatforms) = postSolution
		{C6E699E7-78EC-4657-B393-D4A51AD6D035}.Debug|Any CPU.ActiveCfg = Debug|Any CPU
		{C6E699E7-78EC-4657-B393-D4A51AD6D035}.Debug|Any CPU.Build.0 = Debug|Any CPU
		{C6E699E7-78EC-4657-B393-D4A51AD6D035}.Release|Any CPU.ActiveCfg = Release|Any CPU
		{C6E699E7-78EC-4657-B393-D4A51AD6D035}.Release|Any CPU.Build.0 = Release|Any CPU
		{13470DD0-A775-435D-9B6E-71245FD52892}.Debug|Any CPU.ActiveCfg = Debug|Any CPU
		{13470DD0-A775-435D-9B6E-71245FD52892}.Debug|Any CPU.Build.0 = Debug|Any CPU
		{13470DD0-A775-435D-9B6E-71245FD52892}.Release|Any CPU.ActiveCfg = Release|Any CPU
		{13470DD0-A775-435D-9B6E-71245FD52892}.Release|Any CPU.Build.0 = Release|Any CPU
		{B6CA15E9-B75D-4DC9-8CB3-2A2DE9DC70B1}.Debug|Any CPU.ActiveCfg = Debug|Any CPU
		{B6CA15E9-B75D-4DC9-8CB3-2A2DE9DC70B1}.Debug|Any CPU.Build.0 = Debug|Any CPU
		{B6CA15E9-B75D-4DC9-8CB3-2A2DE9DC70B1}.Release|Any CPU.ActiveCfg = Release|Any CPU
		{B6CA15E9-B75D-4DC9-8CB3-2A2DE9DC70B1}.Release|Any CPU.Build.0 = Release|Any CPU
		{2A91452F-9A5D-46DA-91CA-6B6D8E9B93C2}.Debug|Any CPU.ActiveCfg = Debug|Any CPU
		{2A91452F-9A5D-46DA-91CA-6B6D8E9B93C2}.Debug|Any CPU.Build.0 = Debug|Any CPU
		{2A91452F-9A5D-46DA-91CA-6B6D8E9B93C2}.Release|Any CPU.ActiveCfg = Release|Any CPU
		{2A91452F-9A5D-46DA-91CA-6B6D8E9B93C2}.Release|Any CPU.Build.0 = Release|Any CPU
	EndGlobalSection
	GlobalSection(SolutionProperties) = preSolution
		HideSolutionNode = FALSE
	EndGlobalSection
	GlobalSection(NestedProjects) = preSolution
		{87EA5567-F28A-4CDE-B474-C6E727193869} = {02EA681E-C7D8-13C7-8484-4AC65E1B71E8}
	EndGlobalSection
	GlobalSection(ExtensibilityGlobals) = postSolution
		SolutionGuid = {EC406F83-44E0-4E8B-B452-88843142D31E}
	EndGlobalSection
EndGlobal
